{
  "lockfile_version": "1",
  "packages": {
    "glibcLocales@latest": {
      "last_modified": "2023-09-27T18:02:17Z",
      "resolved": "github:NixOS/nixpkgs/517501bcf14ae6ec47efd6a17dda0ca8e6d866f9#glibcLocales",
      "source": "devbox-search",
      "version": "2.37-8"
    },
    "m4@latest": {
      "last_modified": "2023-02-24T09:01:09Z",
      "resolved": "github:NixOS/nixpkgs/7d0ed7f2e5aea07ab22ccb338d27fbe347ed2f11#m4",
      "source": "devbox-search",
      "version": "1.4.19"
    },
    "pandoc@latest": {
      "last_modified": "2023-10-06T07:35:11Z",
      "resolved": "github:NixOS/nixpkgs/a2eb207f45e4a14a1e3019d9e3863d1e208e2295#pandoc",
      "source": "devbox-search",
      "version": "0.1.1.1"
    },
    "python311Packages.weasyprint@latest": {
      "last_modified": "2024-08-13T00:39:45Z",
      "resolved": "github:NixOS/nixpkgs/60dfaff009e440faefbaeb20d8dda3239ba4a439#python311Packages.weasyprint",
      "source": "devbox-search",
      "version": "62.2",
      "systems": {
        "aarch64-darwin": {
          "outputs": [
            {
              "name": "out",
              "path": "/nix/store/6r1yvdlvqfnw6yzsjrk40kyppwy4r9hq-python3.11-weasyprint-62.2",
              "default": true
            },
            {
              "name": "dist",
              "path": "/nix/store/7rspa54kk76zh1lknkfn863axgi633z1-python3.11-weasyprint-62.2-dist"
            }
          ],
          "store_path": "/nix/store/6r1yvdlvqfnw6yzsjrk40kyppwy4r9hq-python3.11-weasyprint-62.2"
        },
        "aarch64-linux": {
          "outputs": [
            {
              "name": "out",
              "path": "/nix/store/xbd0fddn7ln9aiyagkjg9fgnx9h242c8-python3.11-weasyprint-62.2",
              "default": true
            },
            {
              "name": "dist",
              "path": "/nix/store/4va37gk4zpfyaprs7x8165mygkk6pafc-python3.11-weasyprint-62.2-dist"
            }
          ],
          "store_path": "/nix/store/xbd0fddn7ln9aiyagkjg9fgnx9h242c8-python3.11-weasyprint-62.2"
        },
        "x86_64-darwin": {
          "outputs": [
            {
              "name": "out",
              "path": "/nix/store/rll1h0fzwl9nns894gy54z0b1a22sh17-python3.11-weasyprint-62.2",
              "default": true
            },
            {
              "name": "dist",
              "path": "/nix/store/cmk2600fnwzrqvfc5xrlnflj27p6ljvw-python3.11-weasyprint-62.2-dist"
            }
          ],
          "store_path": "/nix/store/rll1h0fzwl9nns894gy54z0b1a22sh17-python3.11-weasyprint-62.2"
        },
        "x86_64-linux": {
          "outputs": [
            {
              "name": "out",
              "path": "/nix/store/n4vbyfnf8xw9fdyn1zssyahmqyxw42hr-python3.11-weasyprint-62.2",
              "default": true
            },
            {
              "name": "dist",
              "path": "/nix/store/03j9zfdh0h4b0rl9kz99ikp9pa7v8ira-python3.11-weasyprint-62.2-dist"
            }
          ],
          "store_path": "/nix/store/n4vbyfnf8xw9fdyn1zssyahmqyxw42hr-python3.11-weasyprint-62.2"
        }
      }
    }
  }
}
